# THIS IS AN AUTOGENERATED FILE. DO NOT EDIT THIS FILE DIRECTLY.
# yarn lockfile v1


builtin-modules@^2.0.0:
  version "2.0.0"
  resolved "https://registry.yarnpkg.com/builtin-modules/-/builtin-modules-2.0.0.tgz#60b7ef5ae6546bd7deefa74b08b62a43a232648e"
  integrity sha512-3U5kUA5VPsRUA3nofm/BXX7GVHKfxz0hOBAPxXrIvHzlDRkQVqEn6yi8QJegxl4LzOHLdvb7XF5dVawa/VVYBg==

is-module@^1.0.0:
  version "1.0.0"
  resolved "https://registry.yarnpkg.com/is-module/-/is-module-1.0.0.tgz#3258fb69f78c14d5b815d664336b4cffb6441591"
  integrity sha1-Mlj7afeMFNW4FdZkM2tM/7ZEFZE=

path-parse@^1.0.6:
  version "1.0.6"
  resolved "https://registry.yarnpkg.com/path-parse/-/path-parse-1.0.6.tgz#d62dbb5679405d72c4737ec58600e9ddcf06d24c"
  integrity sha512-GSmOT2EbHrINBf9SR7CDELwlJ8AENk3Qn7OikK4nFYAu3Ote2+JYNVvkpAEQm3/TLNEJFD/xZJjzyxg3KBWOzw==

re-template-tag@^2.0.1:
  version "2.0.1"
  resolved "https://registry.yarnpkg.com/re-template-tag/-/re-template-tag-2.0.1.tgz#bdebf1cc76cece769090906e7317925069504955"
  integrity sha512-TkxjSTkKDTKjSrflkkUDHd/2RDQuwoYPdrdNtTcDG0wD2EeT5FeeWe1QANwKe4BwOC5kN8a7QnvSAgSz7mRhwQ==

resolve@^1.1.6:
  version "1.11.0"
  resolved "https://registry.yarnpkg.com/resolve/-/resolve-1.11.0.tgz#4014870ba296176b86343d50b60f3b50609ce232"
  integrity sha512-WL2pBDjqT6pGUNSUzMw00o4T7If+z4H2x3Gz893WoUQ5KW8Vr9txp00ykiP16VBaZF5+j/OcXJHZ9+PCvdiDKw==
  dependencies:
    path-parse "^1.0.6"

rollup-plugin-node-resolve@^3.0.0:
  version "3.4.0"
  resolved "https://registry.yarnpkg.com/rollup-plugin-node-resolve/-/rollup-plugin-node-resolve-3.4.0.tgz#908585eda12e393caac7498715a01e08606abc89"
  integrity sha512-PJcd85dxfSBWih84ozRtBkB731OjXk0KnzN0oGp7WOWcarAFkVa71cV5hTJg2qpVsV2U8EUwrzHP3tvy9vS3qg==
  dependencies:
    builtin-modules "^2.0.0"
    is-module "^1.0.0"
    resolve "^1.1.6"

rollup@^0.41.4:
  version "0.41.6"
  resolved "https://registry.yarnpkg.com/rollup/-/rollup-0.41.6.tgz#e0d05497877a398c104d816d2733a718a7a94e2a"
  integrity sha1-4NBUl4d6OYwQTYFtJzOnGKepTio=
  dependencies:
    source-map-support "^0.4.0"

smart-table-core@^3.0.3:
  version "3.0.3"
  resolved "https://registry.yarnpkg.com/smart-table-core/-/smart-table-core-3.0.3.tgz#0df34e644e277359331bdff7177bbed4a8881020"
  integrity sha512-iNQNhc19SszEie3Pc90g1+YJOJmstoJ8QbHjz5fT1YTKzug9Z1a1lEVGAO+kDNiU/MmYMtD4qaa9GDBMtJmzKQ==
  dependencies:
    smart-table-events "^1.0.10"
    smart-table-filter "^2.0.4"
    smart-table-json-pointer "^2.0.4"
    smart-table-operators "^2.0.10"
    smart-table-search "^2.0.6"
    smart-table-sort "^2.0.4"

smart-table-events@^1.0.10:
  version "1.0.10"
  resolved "https://registry.yarnpkg.com/smart-table-events/-/smart-table-events-1.0.10.tgz#c6596ab2bd8246fe238df9447b5a8d706efc1659"
  integrity sha512-v/5OC4uO2n2Fpa3/liT08hCDTaMrA5SkEo81QssYDbQLIbIDv1ZsONs4hMgbH+O1DEAN2ZmIEtEf8WLIDYTuCA==

smart-table-filter@^2.0.4:
  version "2.0.4"
  resolved "https://registry.yarnpkg.com/smart-table-filter/-/smart-table-filter-2.0.4.tgz#6d56afc29cddead59121a916d76ac1c85bb15a4b"
  integrity sha512-8Hbg9LBND9jdZH2zAfHETvWxsLL1B9Ves5atstQ7pvZkJvD0sPzI175pGwRQfXx5+r05yz2roO/kTQ31Q8g7WA==
  dependencies:
    smart-table-json-pointer "^2.0.4"
    smart-table-operators "^2.0.10"

smart-table-json-pointer@^2.0.4:
  version "2.0.4"
  resolved "https://registry.yarnpkg.com/smart-table-json-pointer/-/smart-table-json-pointer-2.0.4.tgz#824c2c489f57f004288fdde00a61964db1dba7e3"
  integrity sha512-+egO41SIMPwwNnxvodz6oXa3nuZQesW7Si4QitrDyV0EYPby1GcbrSbYvC/08PBWZ6YbhvCNdCmha4rHVGU8VA==

smart-table-operators@^2.0.10:
  version "2.0.10"
  resolved "https://registry.yarnpkg.com/smart-table-operators/-/smart-table-operators-2.0.10.tgz#b368b3c70da3b53037ddd98bf7e4a9e8637ebbe9"
  integrity sha512-qjc3DZVFCTSz+zfEwXB4uoZ1lUomQLBmND9ZUobXVR5zf15KW66ETIHLi8eQBfSHUDdvi3yNslK3aiCJbeG/gw==

smart-table-search@^2.0.6:
  version "2.0.6"
  resolved "https://registry.yarnpkg.com/smart-table-search/-/smart-table-search-2.0.6.tgz#b2fd2e92481e3a009704c272dce3506e4e6021b4"
  integrity sha512-yruH8HFmeTQHrtbnOa0Y/gc4ZfYIwcuaJQUABmXVju992jVuVe/ubao8OdoXnbmX0MWwZdlXOE52D9kQ6/YzjQ==
  dependencies:
    re-template-tag "^2.0.1"
    smart-table-json-pointer "^2.0.4"

smart-table-sort@^2.0.4:
  version "2.0.4"
  resolved "https://registry.yarnpkg.com/smart-table-sort/-/smart-table-sort-2.0.4.tgz#618a6a439bb9553ecfe1e23caaef34030eff89ef"
  integrity sha512-61d2f44TebZlg0PME79zWYogWXG303YsOZ+6dNxofQRgc4s45rUGtKN6CIyuYeqE1lkJJFLVH7leF6W8UYyBzw==
  dependencies:
    smart-table-json-pointer "^2.0.4"
    smart-table-operators "^2.0.10"

source-map-support@^0.4.0:
  version "0.4.18"
  resolved "https://registry.yarnpkg.com/source-map-support/-/source-map-support-0.4.18.tgz#0286a6de8be42641338594e97ccea75f0a2c585f"
  integrity sha512-try0/JqxPLF9nOjvSta7tVondkP5dwgyLDjVoyMDlmjugT2lRZ1OfsrYTkCd2hkDnJTKRbO/Rl3orm8vlsUzbA==
  dependencies:
    source-map "^0.5.6"

source-map@^0.5.6:
  version "0.5.7"
  resolved "https://registry.yarnpkg.com/source-map/-/source-map-0.5.7.tgz#8a039d2d1021d22d1ea14c80d8ea468ba2ef3fcc"
  integrity sha1-igOdLRAh0i0eoUyA2OpGi6LvP8w=
